
Microsoft Visual Studio Solution File, Format Version 12.00
# Visual Studio Version 17
VisualStudioVersion = 17.14.36212.18 d17.14
MinimumVisualStudioVersion = 10.0.40219.1
Project("{FAE04EC0-301F-11D3-BF4B-00C04F79EFBC}") = "1119", "1119\1119.csproj", "{A9E18CAA-1A79-4D74-9AA9-F88D1C1008AB}"
EndProject
Global
	GlobalSection(SolutionConfigurationPlatforms) = preSolution
		Debug|Any CPU = Debug|Any CPU
		Release|Any CPU = Release|Any CPU
	EndGlobalSection
	GlobalSection(ProjectConfigurationPlatforms) = postSolution
		{A9E18CAA-1A79-4D74-9AA9-F88D1C1008AB}.Debug|Any CPU.ActiveCfg = Debug|Any CPU
		{A9E18CAA-1A79-4D74-9AA9-F88D1C1008AB}.Debug|Any CPU.Build.0 = Debug|Any CPU
		{A9E18CAA-1A79-4D74-9AA9-F88D1C1008AB}.Release|Any CPU.ActiveCfg = Release|Any CPU
		{A9E18CAA-1A79-4D74-9AA9-F88D1C1008AB}.Release|Any CPU.Build.0 = Release|Any CPU
	EndGlobalSection
	GlobalSection(SolutionProperties) = preSolution
		HideSolutionNode = FALSE
	EndGlobalSection
	GlobalSection(ExtensibilityGlobals) = postSolution
		SolutionGuid = {73B2329F-5333-4CA0-8973-E39F88787026}
	EndGlobalSection
EndGlobal
